{
  "name": "TD_Next",
  "lockfileVersion": 3,
  "requires": true,
  "packages": {
    "": {
      "dependencies": {
        "pnpm": "^9.12.1"
      }
    },
    "node_modules/pnpm": {
      "version": "9.12.1",
      "resolved": "https://registry.npmjs.org/pnpm/-/pnpm-9.12.1.tgz",
      "integrity": "sha512-5aflKkGDoC1ZMQV/eg2/+dXpzjFh4z+miuOSElt5KCqKikcKUd/IoO2GIhRC6y+1cBmwmQ7ST6tRm/DhvFzPxA==",
      "license": "MIT",
      "bin": {
        "pnpm": "bin/pnpm.cjs",
        "pnpx": "bin/pnpx.cjs"
      },
      "engines": {
        "node": ">=18.12"
      },
      "funding": {
        "url": "https://opencollective.com/pnpm"
      }
    }
  }
}
